
Microsoft Visual Studio Solution File, Format Version 12.00
# Visual Studio Version 17
VisualStudioVersion = 17.5.002.0
MinimumVisualStudioVersion = 10.0.40219.1
Project("{9A19103F-16F7-4668-BE54-9A1E7A4F7556}") = "LibraryProject", "LibraryProject.csproj", "{7A44E36E-4C31-4F39-B956-3664E6455047}"
EndProject
Global
	GlobalSection(SolutionConfigurationPlatforms) = preSolution
		Debug|Any CPU = Debug|Any CPU
		Release|Any CPU = Release|Any CPU
	EndGlobalSection
	GlobalSection(ProjectConfigurationPlatforms) = postSolution
		{7A44E36E-4C31-4F39-B956-3664E6455047}.Debug|Any CPU.ActiveCfg = Debug|Any CPU
		{7A44E36E-4C31-4F39-B956-3664E6455047}.Debug|Any CPU.Build.0 = Debug|Any CPU
		{7A44E36E-4C31-4F39-B956-3664E6455047}.Release|Any CPU.ActiveCfg = Release|Any CPU
		{7A44E36E-4C31-4F39-B956-3664E6455047}.Release|Any CPU.Build.0 = Release|Any CPU
	EndGlobalSection
	GlobalSection(SolutionProperties) = preSolution
		HideSolutionNode = FALSE
	EndGlobalSection
	GlobalSection(ExtensibilityGlobals) = postSolution
		SolutionGuid = {C09CC638-1229-4B98-9D98-21F5119CA13D}
	EndGlobalSection
EndGlobal
